// !$*UTF8*$!
{
	archiveVersion = 1;
	classes = {
	};
	objectVersion = 46;
	objects = {

/* Begin PBXBuildFile section */
		EDB39C7A1F1D305B0062FDAB /* main.m in Sources */ = {isa = PBXBuildFile; fileRef = EDB39C791F1D305B0062FDAB /* main.m */; };
		EDB39C7D1F1D305B0062FDAB /* AppDelegate.m in Sources */ = {isa = PBXBuildFile; fileRef = EDB39C7C1F1D305B0062FDAB /* AppDelegate.m */; };
		EDB39C831F1D305B0062FDAB /* Main.storyboard in Resources */ = {isa = PBXBuildFile; fileRef = EDB39C811F1D305B0062FDAB /* Main.storyboard */; };
		EDB39C851F1D305B0062FDAB /* Assets.xcassets in Resources */ = {isa = PBXBuildFile; fileRef = EDB39C841F1D305B0062FDAB /* Assets.xcassets */; };
		EDB39C881F1D305B0062FDAB /* LaunchScreen.storyboard in Resources */ = {isa = PBXBuildFile; fileRef = EDB39C861F1D305B0062FDAB /* LaunchScreen.storyboard */; };
		EDB39C911F1D309A0062FDAB /* FlickrAPI.m in Sources */ = {isa = PBXBuildFile; fileRef = EDB39C901F1D309A0062FDAB /* FlickrAPI.m */; };
		EDB39C941F1D59970062FDAB /* PhotoCollectionViewController.m in Sources */ = {isa = PBXBuildFile; fileRef = EDB39C931F1D59970062FDAB /* PhotoCollectionViewController.m */; };
		EDB39C971F1D5D850062FDAB /* Photo.m in Sources */ = {isa = PBXBuildFile; fileRef = EDB39C961F1D5D850062FDAB /* Photo.m */; };
		EDB39C9D1F1D78AC0062FDAB /* DetailViewCVC.m in Sources */ = {isa = PBXBuildFile; fileRef = EDB39C9C1F1D78AC0062FDAB /* DetailViewCVC.m */; };
		EDB39CA01F1D82960062FDAB /* CollectionViewCell.m in Sources */ = {isa = PBXBuildFile; fileRef = EDB39C9F1F1D82960062FDAB /* CollectionViewCell.m */; };
/* End PBXBuildFile section */

/* Begin PBXFileReference section */
		EDB39C751F1D305B0062FDAB /* Cats.app */ = {isa = PBXFileReference; explicitFileType = wrapper.application; includeInIndex = 0; path = Cats.app; sourceTree = BUILT_PRODUCTS_DIR; };
		EDB39C791F1D305B0062FDAB /* main.m */ = {isa = PBXFileReference; lastKnownFileType = sourcecode.c.objc; path = main.m; sourceTree = "<group>"; };
		EDB39C7B1F1D305B0062FDAB /* AppDelegate.h */ = {isa = PBXFileReference; lastKnownFileType = sourcecode.c.h; path = AppDelegate.h; sourceTree = "<group>"; };
		EDB39C7C1F1D305B0062FDAB /* AppDelegate.m */ = {isa = PBXFileReference; lastKnownFileType = sourcecode.c.objc; path = AppDelegate.m; sourceTree = "<group>"; };
		EDB39C821F1D305B0062FDAB /* Base */ = {isa = PBXFileReference; lastKnownFileType = file.storyboard; name = Base; path = Base.lproj/Main.storyboard; sourceTree = "<group>"; };
		EDB39C841F1D305B0062FDAB /* Assets.xcassets */ = {isa = PBXFileReference; lastKnownFileType = folder.assetcatalog; path = Assets.xcassets; sourceTree = "<group>"; };
		EDB39C871F1D305B0062FDAB /* Base */ = {isa = PBXFileReference; lastKnownFileType = file.storyboard; name = Base; path = Base.lproj/LaunchScreen.storyboard; sourceTree = "<group>"; };
		EDB39C891F1D305B0062FDAB /* Info.plist */ = {isa = PBXFileReference; lastKnownFileType = text.plist.xml; path = Info.plist; sourceTree = "<group>"; };
		EDB39C8F1F1D309A0062FDAB /* FlickrAPI.h */ = {isa = PBXFileReference; fileEncoding = 4; lastKnownFileType = sourcecode.c.h; path = FlickrAPI.h; sourceTree = "<group>"; };
		EDB39C901F1D309A0062FDAB /* FlickrAPI.m */ = {isa = PBXFileReference; fileEncoding = 4; lastKnownFileType = sourcecode.c.objc; path = FlickrAPI.m; sourceTree = "<group>"; };
		EDB39C921F1D59970062FDAB /* PhotoCollectionViewController.h */ = {isa = PBXFileReference; fileEncoding = 4; lastKnownFileType = sourcecode.c.h; path = PhotoCollectionViewController.h; sourceTree = "<group>"; };
		EDB39C931F1D59970062FDAB /* PhotoCollectionViewController.m */ = {isa = PBXFileReference; fileEncoding = 4; lastKnownFileType = sourcecode.c.objc; path = PhotoCollectionViewController.m; sourceTree = "<group>"; };
		EDB39C951F1D5D850062FDAB /* Photo.h */ = {isa = PBXFileReference; fileEncoding = 4; lastKnownFileType = sourcecode.c.h; path = Photo.h; sourceTree = "<group>"; };
		EDB39C961F1D5D850062FDAB /* Photo.m */ = {isa = PBXFileReference; fileEncoding = 4; lastKnownFileType = sourcecode.c.objc; path = Photo.m; sourceTree = "<group>"; };
		EDB39C981F1D6E1F0062FDAB /* API_Keys.h */ = {isa = PBXFileReference; fileEncoding = 4; lastKnownFileType = sourcecode.c.h; path = API_Keys.h; sourceTree = "<group>"; };
		EDB39C9B1F1D78AC0062FDAB /* DetailViewCVC.h */ = {isa = PBXFileReference; fileEncoding = 4; lastKnownFileType = sourcecode.c.h; path = DetailViewCVC.h; sourceTree = "<group>"; };
		EDB39C9C1F1D78AC0062FDAB /* DetailViewCVC.m */ = {isa = PBXFileReference; fileEncoding = 4; lastKnownFileType = sourcecode.c.objc; path = DetailViewCVC.m; sourceTree = "<group>"; };
		EDB39C9E1F1D82960062FDAB /* CollectionViewCell.h */ = {isa = PBXFileReference; fileEncoding = 4; lastKnownFileType = sourcecode.c.h; path = CollectionViewCell.h; sourceTree = "<group>"; };
		EDB39C9F1F1D82960062FDAB /* CollectionViewCell.m */ = {isa = PBXFileReference; fileEncoding = 4; lastKnownFileType = sourcecode.c.objc; path = CollectionViewCell.m; sourceTree = "<group>"; };
/* End PBXFileReference section */

/* Begin PBXFrameworksBuildPhase section */
		EDB39C721F1D305B0062FDAB /* Frameworks */ = {
			isa = PBXFrameworksBuildPhase;
			buildActionMask = 2147483647;
			files = (
			);
			runOnlyForDeploymentPostprocessing = 0;
		};
/* End PBXFrameworksBuildPhase section */

/* Begin PBXGroup section */
		EDB39C6C1F1D305B0062FDAB = {
			isa = PBXGroup;
			children = (
				EDB39C771F1D305B0062FDAB /* Cats */,
				EDB39C761F1D305B0062FDAB /* Products */,
			);
			sourceTree = "<group>";
		};
		EDB39C761F1D305B0062FDAB /* Products */ = {
			isa = PBXGroup;
			children = (
				EDB39C751F1D305B0062FDAB /* Cats.app */,
			);
			name = Products;
			sourceTree = "<group>";
		};
		EDB39C771F1D305B0062FDAB /* Cats */ = {
			isa = PBXGroup;
			children = (
				EDB39C951F1D5D850062FDAB /* Photo.h */,
				EDB39C961F1D5D850062FDAB /* Photo.m */,
				EDB39C7B1F1D305B0062FDAB /* AppDelegate.h */,
				EDB39C7C1F1D305B0062FDAB /* AppDelegate.m */,
				EDB39C921F1D59970062FDAB /* PhotoCollectionViewController.h */,
				EDB39C931F1D59970062FDAB /* PhotoCollectionViewController.m */,
				EDB39C9E1F1D82960062FDAB /* CollectionViewCell.h */,
				EDB39C9F1F1D82960062FDAB /* CollectionViewCell.m */,
				EDB39C9B1F1D78AC0062FDAB /* DetailViewCVC.h */,
				EDB39C9C1F1D78AC0062FDAB /* DetailViewCVC.m */,
				EDB39C8F1F1D309A0062FDAB /* FlickrAPI.h */,
				EDB39C901F1D309A0062FDAB /* FlickrAPI.m */,
				EDB39C981F1D6E1F0062FDAB /* API_Keys.h */,
				EDB39C811F1D305B0062FDAB /* Main.storyboard */,
				EDB39C841F1D305B0062FDAB /* Assets.xcassets */,
				EDB39C861F1D305B0062FDAB /* LaunchScreen.storyboard */,
				EDB39C891F1D305B0062FDAB /* Info.plist */,
				EDB39C781F1D305B0062FDAB /* Supporting Files */,
			);
			path = Cats;
			sourceTree = "<group>";
		};
		EDB39C781F1D305B0062FDAB /* Supporting Files */ = {
			isa = PBXGroup;
			children = (
				EDB39C791F1D305B0062FDAB /* main.m */,
			);
			name = "Supporting Files";
			sourceTree = "<group>";
		};
/* End PBXGroup section */

/* Begin PBXNativeTarget section */
		EDB39C741F1D305B0062FDAB /* Cats */ = {
			isa = PBXNativeTarget;
			buildConfigurationList = EDB39C8C1F1D305B0062FDAB /* Build configuration list for PBXNativeTarget "Cats" */;
			buildPhases = (
				EDB39C711F1D305B0062FDAB /* Sources */,
				EDB39C721F1D305B0062FDAB /* Frameworks */,
				EDB39C731F1D305B0062FDAB /* Resources */,
			);
			buildRules = (
			);
			dependencies = (
			);
			name = Cats;
			productName = Cats;
			productReference = EDB39C751F1D305B0062FDAB /* Cats.app */;
			productType = "com.apple.product-type.application";
		};
/* End PBXNativeTarget section */

/* Begin PBXProject section */
		EDB39C6D1F1D305B0062FDAB /* Project object */ = {
			isa = PBXProject;
			attributes = {
				LastUpgradeCheck = 0830;
				ORGANIZATIONNAME = Shreve.ca;
				TargetAttributes = {
					EDB39C741F1D305B0062FDAB = {
						CreatedOnToolsVersion = 8.3.3;
						DevelopmentTeam = 294FN9LFDB;
						ProvisioningStyle = Automatic;
					};
				};
			};
			buildConfigurationList = EDB39C701F1D305B0062FDAB /* Build configuration list for PBXProject "Cats" */;
			compatibilityVersion = "Xcode 3.2";
			developmentRegion = English;
			hasScannedForEncodings = 0;
			knownRegions = (
				en,
				Base,
			);
			mainGroup = EDB39C6C1F1D305B0062FDAB;
			productRefGroup = EDB39C761F1D305B0062FDAB /* Products */;
			projectDirPath = "";
			projectRoot = "";
			targets = (
				EDB39C741F1D305B0062FDAB /* Cats */,
			);
		};
/* End PBXProject section */

/* Begin PBXResourcesBuildPhase section */
		EDB39C731F1D305B0062FDAB /* Resources */ = {
			isa = PBXResourcesBuildPhase;
			buildActionMask = 2147483647;
			files = (
				EDB39C881F1D305B0062FDAB /* LaunchScreen.storyboard in Resources */,
				EDB39C851F1D305B0062FDAB /* Assets.xcassets in Resources */,
				EDB39C831F1D305B0062FDAB /* Main.storyboard in Resources */,
			);
			runOnlyForDeploymentPostprocessing = 0;
		};
/* End PBXResourcesBuildPhase section */

/* Begin PBXSourcesBuildPhase section */
		EDB39C711F1D305B0062FDAB /* Sources */ = {
			isa = PBXSourcesBuildPhase;
			buildActionMask = 2147483647;
			files = (
				EDB39C971F1D5D850062FDAB /* Photo.m in Sources */,
				EDB39C7D1F1D305B0062FDAB /* AppDelegate.m in Sources */,
				EDB39C941F1D59970062FDAB /* PhotoCollectionViewController.m in Sources */,
				EDB39C7A1F1D305B0062FDAB /* main.m in Sources */,
				EDB39C9D1F1D78AC0062FDAB /* DetailViewCVC.m in Sources */,
				EDB39CA01F1D82960062FDAB /* CollectionViewCell.m in Sources */,
				EDB39C911F1D309A0062FDAB /* FlickrAPI.m in Sources */,
			);
			runOnlyForDeploymentPostprocessing = 0;
		};
/* End PBXSourcesBuildPhase section */

/* Begin PBXVariantGroup section */
		EDB39C811F1D305B0062FDAB /* Main.storyboard */ = {
			isa = PBXVariantGroup;
			children = (
				EDB39C821F1D305B0062FDAB /* Base */,
			);
			name = Main.storyboard;
			sourceTree = "<group>";
		};
		EDB39C861F1D305B0062FDAB /* LaunchScreen.storyboard */ = {
			isa = PBXVariantGroup;
			children = (
				EDB39C871F1D305B0062FDAB /* Base */,
			);
			name = LaunchScreen.storyboard;
			sourceTree = "<group>";
		};
/* End PBXVariantGroup section */

/* Begin XCBuildConfiguration section */
		EDB39C8A1F1D305B0062FDAB /* Debug */ = {
			isa = XCBuildConfiguration;
			buildSettings = {
				ALWAYS_SEARCH_USER_PATHS = NO;
				CLANG_ANALYZER_NONNULL = YES;
				CLANG_ANALYZER_NUMBER_OBJECT_CONVERSION = YES_AGGRESSIVE;
				CLANG_CXX_LANGUAGE_STANDARD = "gnu++0x";
				CLANG_CXX_LIBRARY = "libc++";
				CLANG_ENABLE_MODULES = YES;
				CLANG_ENABLE_OBJC_ARC = YES;
				CLANG_WARN_BOOL_CONVERSION = YES;
				CLANG_WARN_CONSTANT_CONVERSION = YES;
				CLANG_WARN_DIRECT_OBJC_ISA_USAGE = YES_ERROR;
				CLANG_WARN_DOCUMENTATION_COMMENTS = YES;
				CLANG_WARN_EMPTY_BODY = YES;
				CLANG_WARN_ENUM_CONVERSION = YES;
				CLANG_WARN_INFINITE_RECURSION = YES;
				CLANG_WARN_INT_CONVERSION = YES;
				CLANG_WARN_OBJC_ROOT_CLASS = YES_ERROR;
				CLANG_WARN_SUSPICIOUS_MOVE = YES;
				CLANG_WARN_UNREACHABLE_CODE = YES;
				CLANG_WARN__DUPLICATE_METHOD_MATCH = YES;
				"CODE_SIGN_IDENTITY[sdk=iphoneos*]" = "iPhone Developer";
				COPY_PHASE_STRIP = NO;
				DEBUG_INFORMATION_FORMAT = dwarf;
				ENABLE_STRICT_OBJC_MSGSEND = YES;
				ENABLE_TESTABILITY = YES;
				GCC_C_LANGUAGE_STANDARD = gnu99;
				GCC_DYNAMIC_NO_PIC = NO;
				GCC_NO_COMMON_BLOCKS = YES;
				GCC_OPTIMIZATION_LEVEL = 0;
				GCC_PREPROCESSOR_DEFINITIONS = (
					"DEBUG=1",
					"$(inherited)",
				);
				GCC_WARN_64_TO_32_BIT_CONVERSION = YES;
				GCC_WARN_ABOUT_RETURN_TYPE = YES_ERROR;
				GCC_WARN_UNDECLARED_SELECTOR = YES;
				GCC_WARN_UNINITIALIZED_AUTOS = YES_AGGRESSIVE;
				GCC_WARN_UNUSED_FUNCTION = YES;
				GCC_WARN_UNUSED_VARIABLE = YES;
				IPHONEOS_DEPLOYMENT_TARGET = 10.3;
				MTL_ENABLE_DEBUG_INFO = YES;
				ONLY_ACTIVE_ARCH = YES;
				SDKROOT = iphoneos;
				TARGETED_DEVICE_FAMILY = "1,2";
			};
			name = Debug;
		};
		EDB39C8B1F1D305B0062FDAB /* Release */ = {
			isa = XCBuildConfiguration;
			buildSettings = {
				ALWAYS_SEARCH_USER_PATHS = NO;
				CLANG_ANALYZER_NONNULL = YES;
				CLANG_ANALYZER_NUMBER_OBJECT_CONVERSION = YES_AGGRESSIVE;
				CLANG_CXX_LANGUAGE_STANDARD = "gnu++0x";
				CLANG_CXX_LIBRARY = "libc++";
				CLANG_ENABLE_MODULES = YES;
				CLANG_ENABLE_OBJC_ARC = YES;
				CLANG_WARN_BOOL_CONVERSION = YES;
				CLANG_WARN_CONSTANT_CONVERSION = YES;
				CLANG_WARN_DIRECT_OBJC_ISA_USAGE = YES_ERROR;
				CLANG_WARN_DOCUMENTATION_COMMENTS = YES;
				CLANG_WARN_EMPTY_BODY = YES;
				CLANG_WARN_ENUM_CONVERSION = YES;
				CLANG_WARN_INFINITE_RECURSION = YES;
				CLANG_WARN_INT_CONVERSION = YES;
				CLANG_WARN_OBJC_ROOT_CLASS = YES_ERROR;
				CLANG_WARN_SUSPICIOUS_MOVE = YES;
				CLANG_WARN_UNREACHABLE_CODE = YES;
				CLANG_WARN__DUPLICATE_METHOD_MATCH = YES;
				"CODE_SIGN_IDENTITY[sdk=iphoneos*]" = "iPhone Developer";
				COPY_PHASE_STRIP = NO;
				DEBUG_INFORMATION_FORMAT = "dwarf-with-dsym";
				ENABLE_NS_ASSERTIONS = NO;
				ENABLE_STRICT_OBJC_MSGSEND = YES;
				GCC_C_LANGUAGE_STANDARD = gnu99;
				GCC_NO_COMMON_BLOCKS = YES;
				GCC_WARN_64_TO_32_BIT_CONVERSION = YES;
				GCC_WARN_ABOUT_RETURN_TYPE = YES_ERROR;
				GCC_WARN_UNDECLARED_SELECTOR = YES;
				GCC_WARN_UNINITIALIZED_AUTOS = YES_AGGRESSIVE;
				GCC_WARN_UNUSED_FUNCTION = YES;
				GCC_WARN_UNUSED_VARIABLE = YES;
				IPHONEOS_DEPLOYMENT_TARGET = 10.3;
				MTL_ENABLE_DEBUG_INFO = NO;
				SDKROOT = iphoneos;
				TARGETED_DEVICE_FAMILY = "1,2";
				VALIDATE_PRODUCT = YES;
			};
			name = Release;
		};
		EDB39C8D1F1D305B0062FDAB /* Debug */ = {
			isa = XCBuildConfiguration;
			buildSettings = {
				ASSETCATALOG_COMPILER_APPICON_NAME = AppIcon;
				DEVELOPMENT_TEAM = 294FN9LFDB;
				INFOPLIST_FILE = Cats/Info.plist;
				LD_RUNPATH_SEARCH_PATHS = "$(inherited) @executable_path/Frameworks";
				PRODUCT_BUNDLE_IDENTIFIER = ca.shreve.Cats;
				PRODUCT_NAME = "$(TARGET_NAME)";
			};
			name = Debug;
		};
		EDB39C8E1F1D305B0062FDAB /* Release */ = {
			isa = XCBuildConfiguration;
			buildSettings = {
				ASSETCATALOG_COMPILER_APPICON_NAME = AppIcon;
				DEVELOPMENT_TEAM = 294FN9LFDB;
				INFOPLIST_FILE = Cats/Info.plist;
				LD_RUNPATH_SEARCH_PATHS = "$(inherited) @executable_path/Frameworks";
				PRODUCT_BUNDLE_IDENTIFIER = ca.shreve.Cats;
				PRODUCT_NAME = "$(TARGET_NAME)";
			};
			name = Release;
		};
/* End XCBuildConfiguration section */

/* Begin XCConfigurationList section */
		EDB39C701F1D305B0062FDAB /* Build configuration list for PBXProject "Cats" */ = {
			isa = XCConfigurationList;
			buildConfigurations = (
				EDB39C8A1F1D305B0062FDAB /* Debug */,
				EDB39C8B1F1D305B0062FDAB /* Release */,
			);
			defaultConfigurationIsVisible = 0;
			defaultConfigurationName = Release;
		};
		EDB39C8C1F1D305B0062FDAB /* Build configuration list for PBXNativeTarget "Cats" */ = {
			isa = XCConfigurationList;
			buildConfigurations = (
				EDB39C8D1F1D305B0062FDAB /* Debug */,
				EDB39C8E1F1D305B0062FDAB /* Release */,
			);
			defaultConfigurationIsVisible = 0;
			defaultConfigurationName = Release;
		};
/* End XCConfigurationList section */
	};
	rootObject = EDB39C6D1F1D305B0062FDAB /* Project object */;
}
